
Microsoft Visual Studio Solution File, Format Version 12.00
# Visual Studio Version 17
VisualStudioVersion = 17.4.33122.133
MinimumVisualStudioVersion = 10.0.40219.1
Project("{FAE04EC0-301F-11D3-BF4B-00C04F79EFBC}") = "BlazorVoxelSpace", "BlazorVoxelSpace\BlazorVoxelSpace.csproj", "{E04A5FE1-839A-4A82-B540-A3636538F0CE}"
EndProject
Global
	GlobalSection(SolutionConfigurationPlatforms) = preSolution
		Debug|Any CPU = Debug|Any CPU
		Release|Any CPU = Release|Any CPU
	EndGlobalSection
	GlobalSection(ProjectConfigurationPlatforms) = postSolution
		{E04A5FE1-839A-4A82-B540-A3636538F0CE}.Debug|Any CPU.ActiveCfg = Debug|Any CPU
		{E04A5FE1-839A-4A82-B540-A3636538F0CE}.Debug|Any CPU.Build.0 = Debug|Any CPU
		{E04A5FE1-839A-4A82-B540-A3636538F0CE}.Release|Any CPU.ActiveCfg = Release|Any CPU
		{E04A5FE1-839A-4A82-B540-A3636538F0CE}.Release|Any CPU.Build.0 = Release|Any CPU
	EndGlobalSection
	GlobalSection(SolutionProperties) = preSolution
		HideSolutionNode = FALSE
	EndGlobalSection
	GlobalSection(ExtensibilityGlobals) = postSolution
		SolutionGuid = {9AC28C67-6B95-4456-8B6A-61DD63041FF1}
	EndGlobalSection
EndGlobal
